
Microsoft Visual Studio Solution File, Format Version 12.00
# Visual Studio Version 17
VisualStudioVersion = 17.1.32328.378
MinimumVisualStudioVersion = 10.0.40219.1
Project("{FAE04EC0-301F-11D3-BF4B-00C04F79EFBC}") = "XService", "XService\XService.csproj", "{226F5BAB-65F3-4816-8085-3472A3FAF5CA}"
EndProject
Project("{FAE04EC0-301F-11D3-BF4B-00C04F79EFBC}") = "XLibrary", "XLibrary\XLibrary.csproj", "{412FC987-E045-41DB-97BC-1EA9354BBD70}"
EndProject
Project("{FAE04EC0-301F-11D3-BF4B-00C04F79EFBC}") = "XWPF", "XWPF\XWPF.csproj", "{0709CAD0-F7CB-4676-8958-661581F53D55}"
EndProject
Global
	GlobalSection(SolutionConfigurationPlatforms) = preSolution
		Debug|Any CPU = Debug|Any CPU
		Release|Any CPU = Release|Any CPU
	EndGlobalSection
	GlobalSection(ProjectConfigurationPlatforms) = postSolution
		{226F5BAB-65F3-4816-8085-3472A3FAF5CA}.Debug|Any CPU.ActiveCfg = Debug|Any CPU
		{226F5BAB-65F3-4816-8085-3472A3FAF5CA}.Debug|Any CPU.Build.0 = Debug|Any CPU
		{226F5BAB-65F3-4816-8085-3472A3FAF5CA}.Release|Any CPU.ActiveCfg = Release|Any CPU
		{226F5BAB-65F3-4816-8085-3472A3FAF5CA}.Release|Any CPU.Build.0 = Release|Any CPU
		{412FC987-E045-41DB-97BC-1EA9354BBD70}.Debug|Any CPU.ActiveCfg = Debug|Any CPU
		{412FC987-E045-41DB-97BC-1EA9354BBD70}.Debug|Any CPU.Build.0 = Debug|Any CPU
		{412FC987-E045-41DB-97BC-1EA9354BBD70}.Release|Any CPU.ActiveCfg = Release|Any CPU
		{412FC987-E045-41DB-97BC-1EA9354BBD70}.Release|Any CPU.Build.0 = Release|Any CPU
		{0709CAD0-F7CB-4676-8958-661581F53D55}.Debug|Any CPU.ActiveCfg = Debug|Any CPU
		{0709CAD0-F7CB-4676-8958-661581F53D55}.Debug|Any CPU.Build.0 = Debug|Any CPU
		{0709CAD0-F7CB-4676-8958-661581F53D55}.Release|Any CPU.ActiveCfg = Release|Any CPU
		{0709CAD0-F7CB-4676-8958-661581F53D55}.Release|Any CPU.Build.0 = Release|Any CPU
	EndGlobalSection
	GlobalSection(SolutionProperties) = preSolution
		HideSolutionNode = FALSE
	EndGlobalSection
	GlobalSection(ExtensibilityGlobals) = postSolution
		SolutionGuid = {FD8F5237-F39A-4482-8BEC-E2B256D0D5B0}
	EndGlobalSection
EndGlobal
